
Microsoft Visual Studio Solution File, Format Version 12.00
# Visual Studio 15
VisualStudioVersion = 15.0.27130.2027
MinimumVisualStudioVersion = 10.0.40219.1
Project("{9A19103F-16F7-4668-BE54-9A1E7A4F7556}") = "Microsoft.ServiceFabric.AspNetCore.Kestrel_netcore", "Microsoft.ServiceFabric.AspNetCore.Kestrel_netcore.csproj", "{D8B6BD34-02EE-454A-B3EC-F1BDB6881308}"
EndProject
Project("{9A19103F-16F7-4668-BE54-9A1E7A4F7556}") = "Microsoft.ServiceFabric.AspNetCore_netcore", "..\Microsoft.ServiceFabric.AspNetCore\Microsoft.ServiceFabric.AspNetCore_netcore.csproj", "{E60BB4B9-EC31-4882-ABA8-D9F288333A3C}"
EndProject
Global
	GlobalSection(SolutionConfigurationPlatforms) = preSolution
		Debug|x64 = Debug|x64
		Release|x64 = Release|x64
	EndGlobalSection
	GlobalSection(ProjectConfigurationPlatforms) = postSolution
		{D8B6BD34-02EE-454A-B3EC-F1BDB6881308}.Debug|x64.ActiveCfg = Debug|x64
		{D8B6BD34-02EE-454A-B3EC-F1BDB6881308}.Debug|x64.Build.0 = Debug|x64
		{D8B6BD34-02EE-454A-B3EC-F1BDB6881308}.Release|x64.ActiveCfg = Release|x64
		{D8B6BD34-02EE-454A-B3EC-F1BDB6881308}.Release|x64.Build.0 = Release|x64
		{E60BB4B9-EC31-4882-ABA8-D9F288333A3C}.Debug|x64.ActiveCfg = Debug|x64
		{E60BB4B9-EC31-4882-ABA8-D9F288333A3C}.Debug|x64.Build.0 = Debug|x64
		{E60BB4B9-EC31-4882-ABA8-D9F288333A3C}.Release|x64.ActiveCfg = Release|x64
		{E60BB4B9-EC31-4882-ABA8-D9F288333A3C}.Release|x64.Build.0 = Release|x64
	EndGlobalSection
	GlobalSection(SolutionProperties) = preSolution
		HideSolutionNode = FALSE
	EndGlobalSection
	GlobalSection(ExtensibilityGlobals) = postSolution
		SolutionGuid = {C27C20D6-6635-4D16-97D3-2571D4B2C4F9}
	EndGlobalSection
EndGlobal
