
Microsoft Visual Studio Solution File, Format Version 12.00
# Visual Studio 2019
VisualStudioVersion = 16.0
MinimumVisualStudioVersion = 10.0.40219.1
Project("{9A19103F-16F7-4668-BE54-9A1E7A4F7556}") = "Microsoft.ServiceFabric.AspNetCore", "src\Microsoft.ServiceFabric.AspNetCore\Microsoft.ServiceFabric.AspNetCore.csproj", "{A45918E1-6345-432E-AD6D-47DEEFB35661}"
EndProject
Project("{9A19103F-16F7-4668-BE54-9A1E7A4F7556}") = "Microsoft.ServiceFabric.AspNetCore.HttpSys", "src\Microsoft.ServiceFabric.AspNetCore.HttpSys\Microsoft.ServiceFabric.AspNetCore.HttpSys.csproj", "{7BE05428-AD27-41CB-B01A-85821B69175F}"
EndProject
Project("{9A19103F-16F7-4668-BE54-9A1E7A4F7556}") = "Microsoft.ServiceFabric.AspNetCore.Kestrel", "src\Microsoft.ServiceFabric.AspNetCore.Kestrel\Microsoft.ServiceFabric.AspNetCore.Kestrel.csproj", "{B80B46C9-759A-4C5B-8618-C7A45395D9A2}"
EndProject
Project("{2150E333-8FDC-42A3-9474-1A3956D46DE8}") = "test", "test", "{BC6C4F04-5CED-4AB6-930B-3348145E6316}"
EndProject
Project("{9A19103F-16F7-4668-BE54-9A1E7A4F7556}") = "Microsoft.ServiceFabric.AspNetCore.Tests", "test\unittests\Microsoft.ServiceFabric.AspNetCore.Tests\Microsoft.ServiceFabric.AspNetCore.Tests.csproj", "{F9D9E1BB-212D-4785-8E1E-8427355AAF68}"
EndProject
Project("{2150E333-8FDC-42A3-9474-1A3956D46DE8}") = "src", "src", "{0371241A-7255-4C77-AE01-00B80954DC23}"
EndProject
Project("{2150E333-8FDC-42A3-9474-1A3956D46DE8}") = "SolutionItems", "SolutionItems", "{BA7A4C8B-A2B3-4349-878D-4AB5681B9FA6}"
	ProjectSection(SolutionItems) = preProject
		.editorconfig = .editorconfig
	EndProjectSection
EndProject
Project("{9A19103F-16F7-4668-BE54-9A1E7A4F7556}") = "Microsoft.ServiceFabric.AspNetCore.Configuration", "src\Microsoft.ServiceFabric.AspNetCore.Configuration\Microsoft.ServiceFabric.AspNetCore.Configuration.csproj", "{99AEA1AC-AA3B-426D-A0BE-2B2FAB68C780}"
EndProject
Global
	GlobalSection(SolutionConfigurationPlatforms) = preSolution
		Debug|x64 = Debug|x64
		Release|x64 = Release|x64
	EndGlobalSection
	GlobalSection(ProjectConfigurationPlatforms) = postSolution
		{A45918E1-6345-432E-AD6D-47DEEFB35661}.Debug|x64.ActiveCfg = Debug|x64
		{A45918E1-6345-432E-AD6D-47DEEFB35661}.Debug|x64.Build.0 = Debug|x64
		{A45918E1-6345-432E-AD6D-47DEEFB35661}.Release|x64.ActiveCfg = Release|x64
		{A45918E1-6345-432E-AD6D-47DEEFB35661}.Release|x64.Build.0 = Release|x64
		{7BE05428-AD27-41CB-B01A-85821B69175F}.Debug|x64.ActiveCfg = Debug|x64
		{7BE05428-AD27-41CB-B01A-85821B69175F}.Debug|x64.Build.0 = Debug|x64
		{7BE05428-AD27-41CB-B01A-85821B69175F}.Release|x64.ActiveCfg = Release|x64
		{7BE05428-AD27-41CB-B01A-85821B69175F}.Release|x64.Build.0 = Release|x64
		{B80B46C9-759A-4C5B-8618-C7A45395D9A2}.Debug|x64.ActiveCfg = Debug|x64
		{B80B46C9-759A-4C5B-8618-C7A45395D9A2}.Debug|x64.Build.0 = Debug|x64
		{B80B46C9-759A-4C5B-8618-C7A45395D9A2}.Release|x64.ActiveCfg = Release|x64
		{B80B46C9-759A-4C5B-8618-C7A45395D9A2}.Release|x64.Build.0 = Release|x64
		{F9D9E1BB-212D-4785-8E1E-8427355AAF68}.Debug|x64.ActiveCfg = Debug|x64
		{F9D9E1BB-212D-4785-8E1E-8427355AAF68}.Debug|x64.Build.0 = Debug|x64
		{F9D9E1BB-212D-4785-8E1E-8427355AAF68}.Release|x64.ActiveCfg = Release|x64
		{F9D9E1BB-212D-4785-8E1E-8427355AAF68}.Release|x64.Build.0 = Release|x64
		{99AEA1AC-AA3B-426D-A0BE-2B2FAB68C780}.Debug|x64.ActiveCfg = Debug|x64
		{99AEA1AC-AA3B-426D-A0BE-2B2FAB68C780}.Debug|x64.Build.0 = Debug|x64
		{99AEA1AC-AA3B-426D-A0BE-2B2FAB68C780}.Release|x64.ActiveCfg = Release|x64
		{99AEA1AC-AA3B-426D-A0BE-2B2FAB68C780}.Release|x64.Build.0 = Release|x64
	EndGlobalSection
	GlobalSection(SolutionProperties) = preSolution
		HideSolutionNode = FALSE
	EndGlobalSection
	GlobalSection(NestedProjects) = preSolution
		{A45918E1-6345-432E-AD6D-47DEEFB35661} = {0371241A-7255-4C77-AE01-00B80954DC23}
		{7BE05428-AD27-41CB-B01A-85821B69175F} = {0371241A-7255-4C77-AE01-00B80954DC23}
		{B80B46C9-759A-4C5B-8618-C7A45395D9A2} = {0371241A-7255-4C77-AE01-00B80954DC23}
		{F9D9E1BB-212D-4785-8E1E-8427355AAF68} = {BC6C4F04-5CED-4AB6-930B-3348145E6316}
		{99AEA1AC-AA3B-426D-A0BE-2B2FAB68C780} = {0371241A-7255-4C77-AE01-00B80954DC23}
	EndGlobalSection
	GlobalSection(ExtensibilityGlobals) = postSolution
		SolutionGuid = {2CDABF99-A026-479B-B672-736D0A8C9A37}
	EndGlobalSection
EndGlobal
