
Microsoft Visual Studio Solution File, Format Version 12.00
# Visual Studio 15
VisualStudioVersion = 15.0.27130.2027
MinimumVisualStudioVersion = 10.0.40219.1
Project("{9A19103F-16F7-4668-BE54-9A1E7A4F7556}") = "Microsoft.ServiceFabric.AspNetCore.HttpSys_netcore", "Microsoft.ServiceFabric.AspNetCore.HttpSys_netcore.csproj", "{B5B43F6C-A8FC-4598-9CE7-15A704585C90}"
EndProject
Project("{9A19103F-16F7-4668-BE54-9A1E7A4F7556}") = "Microsoft.ServiceFabric.AspNetCore_netcore", "..\Microsoft.ServiceFabric.AspNetCore\Microsoft.ServiceFabric.AspNetCore_netcore.csproj", "{F4CF5DCC-E8D6-486B-93D6-489370B83BE6}"
EndProject
Global
	GlobalSection(SolutionConfigurationPlatforms) = preSolution
		Debug|x64 = Debug|x64
		Release|x64 = Release|x64
	EndGlobalSection
	GlobalSection(ProjectConfigurationPlatforms) = postSolution
		{B5B43F6C-A8FC-4598-9CE7-15A704585C90}.Debug|x64.ActiveCfg = Debug|x64
		{B5B43F6C-A8FC-4598-9CE7-15A704585C90}.Debug|x64.Build.0 = Debug|x64
		{B5B43F6C-A8FC-4598-9CE7-15A704585C90}.Release|x64.ActiveCfg = Release|x64
		{B5B43F6C-A8FC-4598-9CE7-15A704585C90}.Release|x64.Build.0 = Release|x64
		{F4CF5DCC-E8D6-486B-93D6-489370B83BE6}.Debug|x64.ActiveCfg = Debug|x64
		{F4CF5DCC-E8D6-486B-93D6-489370B83BE6}.Debug|x64.Build.0 = Debug|x64
		{F4CF5DCC-E8D6-486B-93D6-489370B83BE6}.Release|x64.ActiveCfg = Release|x64
		{F4CF5DCC-E8D6-486B-93D6-489370B83BE6}.Release|x64.Build.0 = Release|x64
	EndGlobalSection
	GlobalSection(SolutionProperties) = preSolution
		HideSolutionNode = FALSE
	EndGlobalSection
	GlobalSection(ExtensibilityGlobals) = postSolution
		SolutionGuid = {246E1AD5-2F88-4B37-865E-9A5C24DE1420}
	EndGlobalSection
EndGlobal
