
Microsoft Visual Studio Solution File, Format Version 12.00
# Visual Studio 15
VisualStudioVersion = 15.0.26730.12
MinimumVisualStudioVersion = 10.0.40219.1
Project("{9A19103F-16F7-4668-BE54-9A1E7A4F7556}") = "Microsoft.ServiceFabric.AspNetCore.Server.Kestrel", "Microsoft.ServiceFabric.AspNetCore.Server.Kestrel.csproj", "{3E4AE2F2-8B59-49B9-9EA8-BF797F225646}"
EndProject
Project("{9A19103F-16F7-4668-BE54-9A1E7A4F7556}") = "Microsoft.ServiceFabric.AspNetCore.Server", "..\Microsoft.ServiceFabric.AspNetCore.Server\Microsoft.ServiceFabric.AspNetCore.Server.csproj", "{B6012D21-A87C-4ABD-95FC-A0037A7CA1DB}"
EndProject
Global
	GlobalSection(SolutionConfigurationPlatforms) = preSolution
		Debug|Any CPU = Debug|Any CPU
		Release|Any CPU = Release|Any CPU
	EndGlobalSection
	GlobalSection(ProjectConfigurationPlatforms) = postSolution
		{3E4AE2F2-8B59-49B9-9EA8-BF797F225646}.Debug|Any CPU.ActiveCfg = Debug|Any CPU
		{3E4AE2F2-8B59-49B9-9EA8-BF797F225646}.Debug|Any CPU.Build.0 = Debug|Any CPU
		{3E4AE2F2-8B59-49B9-9EA8-BF797F225646}.Release|Any CPU.ActiveCfg = Release|Any CPU
		{3E4AE2F2-8B59-49B9-9EA8-BF797F225646}.Release|Any CPU.Build.0 = Release|Any CPU
		{B6012D21-A87C-4ABD-95FC-A0037A7CA1DB}.Debug|Any CPU.ActiveCfg = Debug|Any CPU
		{B6012D21-A87C-4ABD-95FC-A0037A7CA1DB}.Debug|Any CPU.Build.0 = Debug|Any CPU
		{B6012D21-A87C-4ABD-95FC-A0037A7CA1DB}.Release|Any CPU.ActiveCfg = Release|Any CPU
		{B6012D21-A87C-4ABD-95FC-A0037A7CA1DB}.Release|Any CPU.Build.0 = Release|Any CPU
	EndGlobalSection
	GlobalSection(SolutionProperties) = preSolution
		HideSolutionNode = FALSE
	EndGlobalSection
	GlobalSection(ExtensibilityGlobals) = postSolution
		SolutionGuid = {B46D3930-4348-4FCC-9C39-8E97441A2E07}
	EndGlobalSection
EndGlobal
