
Microsoft Visual Studio Solution File, Format Version 12.00
# Visual Studio 15
VisualStudioVersion = 15.0.26730.12
MinimumVisualStudioVersion = 10.0.40219.1
Project("{9A19103F-16F7-4668-BE54-9A1E7A4F7556}") = "Microsoft.ServiceFabric.AspNetCore.Server", "Microsoft.ServiceFabric.AspNetCore.Server.csproj", "{5F621CDF-E09F-4E3B-97FF-06C8C65BCF5F}"
EndProject
Global
	GlobalSection(SolutionConfigurationPlatforms) = preSolution
		Debug|Any CPU = Debug|Any CPU
		Release|Any CPU = Release|Any CPU
	EndGlobalSection
	GlobalSection(ProjectConfigurationPlatforms) = postSolution
		{5F621CDF-E09F-4E3B-97FF-06C8C65BCF5F}.Debug|Any CPU.ActiveCfg = Debug|Any CPU
		{5F621CDF-E09F-4E3B-97FF-06C8C65BCF5F}.Debug|Any CPU.Build.0 = Debug|Any CPU
		{5F621CDF-E09F-4E3B-97FF-06C8C65BCF5F}.Release|Any CPU.ActiveCfg = Release|Any CPU
		{5F621CDF-E09F-4E3B-97FF-06C8C65BCF5F}.Release|Any CPU.Build.0 = Release|Any CPU
	EndGlobalSection
	GlobalSection(SolutionProperties) = preSolution
		HideSolutionNode = FALSE
	EndGlobalSection
	GlobalSection(ExtensibilityGlobals) = postSolution
		SolutionGuid = {FE4A579D-63FA-4992-BB34-51884396B903}
	EndGlobalSection
EndGlobal
